<Solution>
  <Folder Name="/src/">
    <Project Path="src/TemporalCommunity.Extensions.Agents/TemporalCommunity.Extensions.Agents.csproj" />
    <Project Path="src/TemporalCommunity.Extensions.AI/TemporalCommunity.Extensions.AI.csproj" />
  </Folder>
  <Folder Name="/tests/">
    <Project Path="tests/TemporalCommunity.Extensions.Tests.Shared/TemporalCommunity.Extensions.Tests.Shared.csproj" />
    <Project Path="tests/TemporalCommunity.Extensions.Agents.Tests/TemporalCommunity.Extensions.Agents.Tests.csproj" />
    <Project Path="tests/TemporalCommunity.Extensions.Agents.IntegrationTests/TemporalCommunity.Extensions.Agents.IntegrationTests.csproj" />
    <Project Path="tests/TemporalCommunity.Extensions.AI.Tests/TemporalCommunity.Extensions.AI.Tests.csproj" />
    <Project Path="tests/TemporalCommunity.Extensions.AI.IntegrationTests/TemporalCommunity.Extensions.AI.IntegrationTests.csproj" />
  </Folder>
  <Folder Name="/benchmarks/">
    <Project Path="benchmarks/TemporalCommunity.Extensions.Agents.Benchmarks/TemporalCommunity.Extensions.Agents.Benchmarks.csproj" />
    <Project Path="benchmarks/TemporalCommunity.Extensions.AI.Benchmarks/TemporalCommunity.Extensions.AI.Benchmarks.csproj" />
  </Folder>
  <Folder Name="/samples/MEAI/">
    <Project Path="samples/MEAI/DurableChat/DurableChat.csproj" />
    <Project Path="samples/MEAI/DurableTools/DurableTools.csproj" />
    <Project Path="samples/MEAI/OpenTelemetry/DurableOpenTelemetry.csproj" />
    <Project Path="samples/MEAI/HumanInTheLoop/HumanInTheLoop.csproj" />
    <Project Path="samples/MEAI/DurableEmbeddings/DurableEmbeddings.csproj" />
    <Project Path="samples/MEAI/CustomWorkflow/CustomWorkflow.csproj" />
    <Project Path="samples/MEAI/ExtensibleDurableTurns/ExtensibleDurableTurns.csproj" />
    <Project Path="samples/MEAI/ToolInterceptor/ToolInterceptor.csproj" />
    <Project Path="samples/MEAI/McpTools/McpTools.csproj" />
  </Folder>
  <Folder Name="/samples/" />
  <Folder Name="/samples/MAF/">
    <Project Path="samples/MAF/BasicAgent/BasicAgent.csproj" />
    <Project Path="samples/MAF/WorkflowOrchestration/WorkflowOrchestration.csproj" />
    <Project Path="samples/MAF/EvaluatorOptimizer/EvaluatorOptimizer.csproj" />
    <Project Path="samples/MAF/MultiAgentRouting/MultiAgentRouting.csproj" />
    <Project Path="samples/MAF/HumanInTheLoop/HumanInTheLoop.csproj" />
    <Project Path="samples/MAF/AmbientAgent/AmbientAgent.csproj" />
    <Project Path="samples/MAF/WorkflowRouting/WorkflowRouting.csproj" />
    <Project Path="samples/MAF/ConfigurableAgent/ConfigurableAgent.csproj" />
    <Project Path="samples/MAF/PerToolActivities/PerToolActivities.csproj" />
    <Project Path="samples/MAF/ToolInterceptor/ToolInterceptor.csproj" />
    <Project Path="samples/MAF/WorkingSet/WorkingSet.csproj" />
    <Project Path="samples/MAF/ContextProviders/ContextProviders.csproj" />
    <Project Path="samples/MAF/Skills/Skills.csproj" />
    <Project Path="samples/MAF/ApprovalScopes/ApprovalScopes.csproj" />
    <Project Path="samples/MAF/MixedActivities/MixedActivities.csproj" />
    <Project Path="samples/MAF/DurableContextProvider/DurableContextProvider.csproj" />
    <Project Path="samples/MAF/McpTools/McpTools.csproj" />
  </Folder>
  <Folder Name="/samples/MAF/SplitWorkerClient/">
    <Project Path="samples/MAF/SplitWorkerClient/Client/Client.csproj" />
    <Project Path="samples/MAF/SplitWorkerClient/Worker/Worker.csproj" />
  </Folder>
</Solution>
